
Microsoft Visual Studio Solution File, Format Version 12.00
Project("{FAE04EC0-301F-11D3-BF4B-00C04F79EFBC}") = "FlashCardsWebAssembly", "FlashCardsWebAssembly\FlashCardsWebAssembly.csproj", "{C341450D-F089-4CF3-8364-F73CCFF2D7B0}"
EndProject
Global
	GlobalSection(SolutionConfigurationPlatforms) = preSolution
		Debug|Any CPU = Debug|Any CPU
		Release|Any CPU = Release|Any CPU
	EndGlobalSection
	GlobalSection(ProjectConfigurationPlatforms) = postSolution
		{C341450D-F089-4CF3-8364-F73CCFF2D7B0}.Debug|Any CPU.ActiveCfg = Debug|Any CPU
		{C341450D-F089-4CF3-8364-F73CCFF2D7B0}.Debug|Any CPU.Build.0 = Debug|Any CPU
		{C341450D-F089-4CF3-8364-F73CCFF2D7B0}.Release|Any CPU.ActiveCfg = Release|Any CPU
		{C341450D-F089-4CF3-8364-F73CCFF2D7B0}.Release|Any CPU.Build.0 = Release|Any CPU
	EndGlobalSection
EndGlobal
